
Microsoft Visual Studio Solution File, Format Version 12.00
# Visual Studio 15
VisualStudioVersion = 15.0.27130.2027
MinimumVisualStudioVersion = 10.0.40219.1
Project("{9A19103F-16F7-4668-BE54-9A1E7A4F7556}") = "BankApplication.API", "BankApplication.API\BankApplication.API.csproj", "{F6B52D7B-8092-4235-A417-5C889A929E50}"
EndProject
Project("{FAE04EC0-301F-11D3-BF4B-00C04F79EFBC}") = "BankApplication.MVC", "BankApplication.MVC\BankApplication.MVC.csproj", "{559566FC-63AE-4310-B47B-361CD70EFE81}"
EndProject
Global
	GlobalSection(SolutionConfigurationPlatforms) = preSolution
		Debug|Any CPU = Debug|Any CPU
		Release|Any CPU = Release|Any CPU
	EndGlobalSection
	GlobalSection(ProjectConfigurationPlatforms) = postSolution
		{F6B52D7B-8092-4235-A417-5C889A929E50}.Debug|Any CPU.ActiveCfg = Debug|Any CPU
		{F6B52D7B-8092-4235-A417-5C889A929E50}.Debug|Any CPU.Build.0 = Debug|Any CPU
		{F6B52D7B-8092-4235-A417-5C889A929E50}.Release|Any CPU.ActiveCfg = Release|Any CPU
		{F6B52D7B-8092-4235-A417-5C889A929E50}.Release|Any CPU.Build.0 = Release|Any CPU
		{559566FC-63AE-4310-B47B-361CD70EFE81}.Debug|Any CPU.ActiveCfg = Debug|Any CPU
		{559566FC-63AE-4310-B47B-361CD70EFE81}.Debug|Any CPU.Build.0 = Debug|Any CPU
		{559566FC-63AE-4310-B47B-361CD70EFE81}.Release|Any CPU.ActiveCfg = Release|Any CPU
		{559566FC-63AE-4310-B47B-361CD70EFE81}.Release|Any CPU.Build.0 = Release|Any CPU
	EndGlobalSection
	GlobalSection(SolutionProperties) = preSolution
		HideSolutionNode = FALSE
	EndGlobalSection
	GlobalSection(ExtensibilityGlobals) = postSolution
		SolutionGuid = {738E0236-5F23-42A8-922A-A9B46DC80E79}
	EndGlobalSection
EndGlobal
